
Microsoft Visual Studio Solution File, Format Version 12.00
# Visual Studio Version 16
VisualStudioVersion = 16.0.30011.22
MinimumVisualStudioVersion = 10.0.40219.1
Project("{FAE04EC0-301F-11D3-BF4B-00C04F79EFBC}") = "PavilionsAPP", "PavilionsAPP\PavilionsAPP.csproj", "{24F7D074-1B2A-4833-B621-79AF6BA1C9AD}"
EndProject
Project("{FAE04EC0-301F-11D3-BF4B-00C04F79EFBC}") = "PavilionsDAL", "PavilionsDAL\PavilionsDAL.csproj", "{E635D46D-001A-49C3-BAF0-B4FA48D3CEB1}"
EndProject
Global
	GlobalSection(SolutionConfigurationPlatforms) = preSolution
		Debug|Any CPU = Debug|Any CPU
		Release|Any CPU = Release|Any CPU
	EndGlobalSection
	GlobalSection(ProjectConfigurationPlatforms) = postSolution
		{24F7D074-1B2A-4833-B621-79AF6BA1C9AD}.Debug|Any CPU.ActiveCfg = Debug|Any CPU
		{24F7D074-1B2A-4833-B621-79AF6BA1C9AD}.Debug|Any CPU.Build.0 = Debug|Any CPU
		{24F7D074-1B2A-4833-B621-79AF6BA1C9AD}.Release|Any CPU.ActiveCfg = Release|Any CPU
		{24F7D074-1B2A-4833-B621-79AF6BA1C9AD}.Release|Any CPU.Build.0 = Release|Any CPU
		{E635D46D-001A-49C3-BAF0-B4FA48D3CEB1}.Debug|Any CPU.ActiveCfg = Debug|Any CPU
		{E635D46D-001A-49C3-BAF0-B4FA48D3CEB1}.Debug|Any CPU.Build.0 = Debug|Any CPU
		{E635D46D-001A-49C3-BAF0-B4FA48D3CEB1}.Release|Any CPU.ActiveCfg = Release|Any CPU
		{E635D46D-001A-49C3-BAF0-B4FA48D3CEB1}.Release|Any CPU.Build.0 = Release|Any CPU
	EndGlobalSection
	GlobalSection(SolutionProperties) = preSolution
		HideSolutionNode = FALSE
	EndGlobalSection
	GlobalSection(ExtensibilityGlobals) = postSolution
		SolutionGuid = {14F95BAD-BF7E-4F98-89F4-EE4CD3921B8C}
	EndGlobalSection
EndGlobal
